FORGE
  remote: http://forge.puppetlabs.com
  specs:
    garethr/docker (0.9.0)
      puppetlabs/apt (>= 1.1.0)
      puppetlabs/stdlib (>= 4.1.0)
    puppetlabs/apt (1.4.0)
      puppetlabs/stdlib (>= 2.2.1)
    puppetlabs/stdlib (4.1.0)

DEPENDENCIES
  garethr/docker (>= 0)
  puppetlabs/apt (>= 0)

